
Microsoft Visual Studio Solution File, Format Version 12.00
# Visual Studio Version 16
VisualStudioVersion = 16.0.31205.134
MinimumVisualStudioVersion = 10.0.40219.1
Project("{FAE04EC0-301F-11D3-BF4B-00C04F79EFBC}") = "PRUEBAS_LOGIN", "PRUEBAS_LOGIN\PRUEBAS_LOGIN.csproj", "{80E54343-569B-478D-83C1-DEC7F463A8F1}"
EndProject
Global
	GlobalSection(SolutionConfigurationPlatforms) = preSolution
		Debug|Any CPU = Debug|Any CPU
		Release|Any CPU = Release|Any CPU
	EndGlobalSection
	GlobalSection(ProjectConfigurationPlatforms) = postSolution
		{80E54343-569B-478D-83C1-DEC7F463A8F1}.Debug|Any CPU.ActiveCfg = Debug|Any CPU
		{80E54343-569B-478D-83C1-DEC7F463A8F1}.Debug|Any CPU.Build.0 = Debug|Any CPU
		{80E54343-569B-478D-83C1-DEC7F463A8F1}.Release|Any CPU.ActiveCfg = Release|Any CPU
		{80E54343-569B-478D-83C1-DEC7F463A8F1}.Release|Any CPU.Build.0 = Release|Any CPU
	EndGlobalSection
	GlobalSection(SolutionProperties) = preSolution
		HideSolutionNode = FALSE
	EndGlobalSection
	GlobalSection(ExtensibilityGlobals) = postSolution
		SolutionGuid = {7F811E88-E871-459E-8A2F-CDD8DD0D62EE}
	EndGlobalSection
EndGlobal
